{
	"name": "dfa-variability",
	"version": "0.9.5",
	"lockfileVersion": 1,
	"requires": true,
	"dependencies": {
		"dfa-variability": {
			"version": "0.9.5",
			"resolved": "https://registry.npmjs.org/dfa-variability/-/dfa-variability-0.9.5.tgz",
			"integrity": "sha512-P4h3NUZH2RPCennRkmtSCeaPGZf/G+R6NzJHI+vfWYJmYWi3nKT5TR9mBRtTb46P3ILgqLgfSkxQ2k4AD0mjrg=="
		},
		"generate-fractal-signal": {
			"version": "0.2.4",
			"resolved": "https://registry.npmjs.org/generate-fractal-signal/-/generate-fractal-signal-0.2.4.tgz",
			"integrity": "sha512-saLn813E9Qu2v35NQuIHFWGogmBDtKdkcDh2yCM6LZLCl5/TzKCbJYOkOxzIOWoT4yeS/gIW+gN9a2vriOQTHQ==",
			"requires": {
				"dfa-variability": "^0.9.5"
			}
		}
	}
}
